
Microsoft Visual Studio Solution File, Format Version 12.00
# Visual Studio Version 17
VisualStudioVersion = 17.11.35312.102
MinimumVisualStudioVersion = 10.0.40219.1
Project("{FAE04EC0-301F-11D3-BF4B-00C04F79EFBC}") = "Week-2-Classwork-1", "Week-2-Classwork-1.csproj", "{559959DA-1B39-43AF-8765-FAAC08E4E54D}"
EndProject
Global
	GlobalSection(SolutionConfigurationPlatforms) = preSolution
		Debug|Any CPU = Debug|Any CPU
		Release|Any CPU = Release|Any CPU
	EndGlobalSection
	GlobalSection(ProjectConfigurationPlatforms) = postSolution
		{559959DA-1B39-43AF-8765-FAAC08E4E54D}.Debug|Any CPU.ActiveCfg = Debug|Any CPU
		{559959DA-1B39-43AF-8765-FAAC08E4E54D}.Debug|Any CPU.Build.0 = Debug|Any CPU
		{559959DA-1B39-43AF-8765-FAAC08E4E54D}.Release|Any CPU.ActiveCfg = Release|Any CPU
		{559959DA-1B39-43AF-8765-FAAC08E4E54D}.Release|Any CPU.Build.0 = Release|Any CPU
	EndGlobalSection
	GlobalSection(SolutionProperties) = preSolution
		HideSolutionNode = FALSE
	EndGlobalSection
	GlobalSection(ExtensibilityGlobals) = postSolution
		SolutionGuid = {06A121DD-B644-4E30-ACC9-24359DFE6765}
	EndGlobalSection
EndGlobal
