
Microsoft Visual Studio Solution File, Format Version 12.00
# Visual Studio Version 17
VisualStudioVersion = 17.11.35312.102
MinimumVisualStudioVersion = 10.0.40219.1
Project("{FAE04EC0-301F-11D3-BF4B-00C04F79EFBC}") = "View_CollegeApp", "View_CollegeApp.csproj", "{07AF3482-48B5-478D-A6A9-9CB7132C530A}"
EndProject
Global
	GlobalSection(SolutionConfigurationPlatforms) = preSolution
		Debug|Any CPU = Debug|Any CPU
		Release|Any CPU = Release|Any CPU
	EndGlobalSection
	GlobalSection(ProjectConfigurationPlatforms) = postSolution
		{07AF3482-48B5-478D-A6A9-9CB7132C530A}.Debug|Any CPU.ActiveCfg = Debug|Any CPU
		{07AF3482-48B5-478D-A6A9-9CB7132C530A}.Debug|Any CPU.Build.0 = Debug|Any CPU
		{07AF3482-48B5-478D-A6A9-9CB7132C530A}.Release|Any CPU.ActiveCfg = Release|Any CPU
		{07AF3482-48B5-478D-A6A9-9CB7132C530A}.Release|Any CPU.Build.0 = Release|Any CPU
	EndGlobalSection
	GlobalSection(SolutionProperties) = preSolution
		HideSolutionNode = FALSE
	EndGlobalSection
	GlobalSection(ExtensibilityGlobals) = postSolution
		SolutionGuid = {04B604E6-B4DB-4BEA-865E-FE97D6069F29}
	EndGlobalSection
EndGlobal
