
Microsoft Visual Studio Solution File, Format Version 12.00
# Visual Studio Version 17
VisualStudioVersion = 17.11.35312.102
MinimumVisualStudioVersion = 10.0.40219.1
Project("{FAE04EC0-301F-11D3-BF4B-00C04F79EFBC}") = "LINQ_ClassTasks", "LINQ_ClassTasks.csproj", "{3F62E55F-48B7-4C4A-8416-5824F6355B7C}"
EndProject
Global
	GlobalSection(SolutionConfigurationPlatforms) = preSolution
		Debug|Any CPU = Debug|Any CPU
		Release|Any CPU = Release|Any CPU
	EndGlobalSection
	GlobalSection(ProjectConfigurationPlatforms) = postSolution
		{3F62E55F-48B7-4C4A-8416-5824F6355B7C}.Debug|Any CPU.ActiveCfg = Debug|Any CPU
		{3F62E55F-48B7-4C4A-8416-5824F6355B7C}.Debug|Any CPU.Build.0 = Debug|Any CPU
		{3F62E55F-48B7-4C4A-8416-5824F6355B7C}.Release|Any CPU.ActiveCfg = Release|Any CPU
		{3F62E55F-48B7-4C4A-8416-5824F6355B7C}.Release|Any CPU.Build.0 = Release|Any CPU
	EndGlobalSection
	GlobalSection(SolutionProperties) = preSolution
		HideSolutionNode = FALSE
	EndGlobalSection
	GlobalSection(ExtensibilityGlobals) = postSolution
		SolutionGuid = {22E262EA-9B61-4CAA-8BE7-7BADAC61F0DE}
	EndGlobalSection
EndGlobal
