
Microsoft Visual Studio Solution File, Format Version 12.00
# Visual Studio Version 17
VisualStudioVersion = 17.11.35312.102
MinimumVisualStudioVersion = 10.0.40219.1
Project("{FAE04EC0-301F-11D3-BF4B-00C04F79EFBC}") = "Task9", "Task9.csproj", "{B1D2CA70-F5D9-4686-BB49-9833CA6F2091}"
EndProject
Global
	GlobalSection(SolutionConfigurationPlatforms) = preSolution
		Debug|Any CPU = Debug|Any CPU
		Release|Any CPU = Release|Any CPU
	EndGlobalSection
	GlobalSection(ProjectConfigurationPlatforms) = postSolution
		{B1D2CA70-F5D9-4686-BB49-9833CA6F2091}.Debug|Any CPU.ActiveCfg = Debug|Any CPU
		{B1D2CA70-F5D9-4686-BB49-9833CA6F2091}.Debug|Any CPU.Build.0 = Debug|Any CPU
		{B1D2CA70-F5D9-4686-BB49-9833CA6F2091}.Release|Any CPU.ActiveCfg = Release|Any CPU
		{B1D2CA70-F5D9-4686-BB49-9833CA6F2091}.Release|Any CPU.Build.0 = Release|Any CPU
	EndGlobalSection
	GlobalSection(SolutionProperties) = preSolution
		HideSolutionNode = FALSE
	EndGlobalSection
	GlobalSection(ExtensibilityGlobals) = postSolution
		SolutionGuid = {AA8DE7DF-B93D-4992-A656-547F39F006E4}
	EndGlobalSection
EndGlobal
