
Microsoft Visual Studio Solution File, Format Version 12.00
# Visual Studio Version 17
VisualStudioVersion = 17.11.35312.102
MinimumVisualStudioVersion = 10.0.40219.1
Project("{FAE04EC0-301F-11D3-BF4B-00C04F79EFBC}") = "AuthenticationApp", "AuthenticationApp.csproj", "{BAE96395-1249-4F89-B430-FF9DBCD79221}"
EndProject
Global
	GlobalSection(SolutionConfigurationPlatforms) = preSolution
		Debug|Any CPU = Debug|Any CPU
		Release|Any CPU = Release|Any CPU
	EndGlobalSection
	GlobalSection(ProjectConfigurationPlatforms) = postSolution
		{BAE96395-1249-4F89-B430-FF9DBCD79221}.Debug|Any CPU.ActiveCfg = Debug|Any CPU
		{BAE96395-1249-4F89-B430-FF9DBCD79221}.Debug|Any CPU.Build.0 = Debug|Any CPU
		{BAE96395-1249-4F89-B430-FF9DBCD79221}.Release|Any CPU.ActiveCfg = Release|Any CPU
		{BAE96395-1249-4F89-B430-FF9DBCD79221}.Release|Any CPU.Build.0 = Release|Any CPU
	EndGlobalSection
	GlobalSection(SolutionProperties) = preSolution
		HideSolutionNode = FALSE
	EndGlobalSection
	GlobalSection(ExtensibilityGlobals) = postSolution
		SolutionGuid = {9C99EEFB-A14A-48C5-9072-34327A2166BD}
	EndGlobalSection
EndGlobal
